
Microsoft Visual Studio Solution File, Format Version 12.00
# Visual Studio 15
VisualStudioVersion = 15.0.27130.2010
MinimumVisualStudioVersion = 10.0.40219.1
Project("{2150E333-8FDC-42A3-9474-1A3956D46DE8}") = "Chapter 1", "Chapter 1", "{6041E08C-B52A-4CCF-B73D-C07F30E8C13D}"
EndProject
Project("{8BC9CEB8-8B4A-11D0-8D11-00A0C91BC942}") = "Big C++, Exercise 1", "Big C++, Exercise 1\Big C++, Exercise 1.vcxproj", "{08001A23-466D-46B8-8A8E-5651D0215C20}"
EndProject
Project("{2150E333-8FDC-42A3-9474-1A3956D46DE8}") = "Chapter 2", "Chapter 2", "{5A588643-1FC9-4BCC-8CC4-F73579EBD11C}"
EndProject
Project("{8BC9CEB8-8B4A-11D0-8D11-00A0C91BC942}") = "Big C++, Exercise 2", "Big C++, Exercise 2\Big C++, Exercise 2.vcxproj", "{C8B01A92-42A2-4ABB-B21A-2135B76F1402}"
EndProject
Project("{8BC9CEB8-8B4A-11D0-8D11-00A0C91BC942}") = "Big C++, Exercise 2, Graphics", "Big C++, Exercise 2, Graphics\Big C++, Exercise 2, Graphics.vcxproj", "{8540BEA9-2D3A-4DDD-9443-D0DFDE997960}"
EndProject
Project("{2150E333-8FDC-42A3-9474-1A3956D46DE8}") = "Chapter 3", "Chapter 3", "{B04F9B72-6DA0-4CFE-94B9-FDA467D9EC8A}"
EndProject
Project("{8BC9CEB8-8B4A-11D0-8D11-00A0C91BC942}") = "Big C++, Exercise 3", "Big C++, Exercise 3\Big C++, Exercise 3.vcxproj", "{875A9DA0-919D-4E82-A4FE-72B4B79DEF03}"
EndProject
Project("{8BC9CEB8-8B4A-11D0-8D11-00A0C91BC942}") = "Big C++, Exercise 3, Graphics", "Big C++, Exercise 3, Graphics\Big C++, Exercise 3, Graphics.vcxproj", "{4DC3A303-D39A-4EA0-9C6D-C5A342E2DA76}"
EndProject
Project("{2150E333-8FDC-42A3-9474-1A3956D46DE8}") = "Chapter 4", "Chapter 4", "{E2BDA3B0-DD43-4275-9DFE-93B476075787}"
EndProject
Project("{8BC9CEB8-8B4A-11D0-8D11-00A0C91BC942}") = "Big C++, Exercise 4", "Big C++, Exercise 4\Big C++, Exercise 4.vcxproj", "{D61CA130-31A4-48B9-AD1D-D3EAD62E48CF}"
EndProject
Project("{8BC9CEB8-8B4A-11D0-8D11-00A0C91BC942}") = "Big C++, Exercise 4, Graphics", "Big C++, Exercise 4, Graphics\Big C++, Exercise 4, Graphics.vcxproj", "{0382D8DC-F966-4E8D-ACD2-9AC4E4016200}"
EndProject
Project("{2150E333-8FDC-42A3-9474-1A3956D46DE8}") = "Chapter 5", "Chapter 5", "{9E5F6C1E-52F3-44C1-9411-F0206590DECB}"
EndProject
Project("{8BC9CEB8-8B4A-11D0-8D11-00A0C91BC942}") = "Big C++, Exercise 5", "Big C++, Exercise 5\Big C++, Exercise 5.vcxproj", "{313DAB7C-1515-4C89-A314-C56E5A3A0350}"
EndProject
Project("{8BC9CEB8-8B4A-11D0-8D11-00A0C91BC942}") = "Big C++, Exercise 5, Graphics", "Big C++, Exercise 5, Graphics\Big C++, Exercise 5, Graphics.vcxproj", "{07BD879E-BD51-451C-84F5-540D8E7E307C}"
EndProject
Project("{2150E333-8FDC-42A3-9474-1A3956D46DE8}") = "Chapter 6", "Chapter 6", "{AC2CFD9F-83C6-4E8A-B21A-9D14773348F1}"
EndProject
Project("{8BC9CEB8-8B4A-11D0-8D11-00A0C91BC942}") = "Big C++, Exercise 6", "Big C++, Exercise 6\Big C++, Exercise 6.vcxproj", "{E4208AB5-2973-40D8-B571-F7F6516AD560}"
EndProject
Project("{8BC9CEB8-8B4A-11D0-8D11-00A0C91BC942}") = "Big C++, Exercise 6, Classes", "Big C++, Exercise 6, Classes\Big C++, Exercise 6, Classes.vcxproj", "{1A63B0E8-2EE7-4C6C-ADAE-9CC8C0F6DCA2}"
EndProject
Project("{8BC9CEB8-8B4A-11D0-8D11-00A0C91BC942}") = "Big C++, Exercise 6, Graphics", "Big C++, Exercise 6, Graphics\Big C++, Exercise 6, Graphics.vcxproj", "{2EA2693C-74CF-40DC-BAD2-EBE415C1CE6F}"
EndProject
Project("{2150E333-8FDC-42A3-9474-1A3956D46DE8}") = "Chapter 7", "Chapter 7", "{7A39A1A8-A004-4973-9E00-F3D8F46F4549}"
EndProject
Project("{8BC9CEB8-8B4A-11D0-8D11-00A0C91BC942}") = "Big C++, Exercise 7", "Big C++, Exercise 7\Big C++, Exercise 7.vcxproj", "{0694D230-90D4-4E19-B735-5E7B0C2F6F47}"
EndProject
Project("{2150E333-8FDC-42A3-9474-1A3956D46DE8}") = "Chapter 8", "Chapter 8", "{1C29FFBA-B74D-4902-A09B-B7DC450F1E0F}"
EndProject
Project("{8BC9CEB8-8B4A-11D0-8D11-00A0C91BC942}") = "Big C++, Exercise 8, Classes", "Big C++, Exercise 8, Classes\Big C++, Exercise 8, Classes.vcxproj", "{06EAFA21-05AD-4011-AE96-FB484E194A75}"
EndProject
Project("{8BC9CEB8-8B4A-11D0-8D11-00A0C91BC942}") = "Big C++, Exercise 8, Classes, Graphics", "Big C++, Exercise 8, Classes, Graphics\Big C++, Exercise 8, Classes, Graphics.vcxproj", "{051286E0-F4AC-4B5A-A021-BF16A02A7775}"
EndProject
Project("{2150E333-8FDC-42A3-9474-1A3956D46DE8}") = "Chapter 9", "Chapter 9", "{C6A0B9D0-1897-49F9-AB12-AD0975C418B4}"
EndProject
Project("{8BC9CEB8-8B4A-11D0-8D11-00A0C91BC942}") = "Big C++, Exercise 9", "Big C++, Exercise 9\Big C++, Exercise 9.vcxproj", "{206B8945-FEEE-4254-9A0D-B5A6191047DF}"
EndProject
Global
	GlobalSection(SolutionConfigurationPlatforms) = preSolution
		Debug|x64 = Debug|x64
		Debug|x86 = Debug|x86
		Release|x64 = Release|x64
		Release|x86 = Release|x86
	EndGlobalSection
	GlobalSection(ProjectConfigurationPlatforms) = postSolution
		{08001A23-466D-46B8-8A8E-5651D0215C20}.Debug|x64.ActiveCfg = Debug|x64
		{08001A23-466D-46B8-8A8E-5651D0215C20}.Debug|x64.Build.0 = Debug|x64
		{08001A23-466D-46B8-8A8E-5651D0215C20}.Debug|x86.ActiveCfg = Debug|Win32
		{08001A23-466D-46B8-8A8E-5651D0215C20}.Debug|x86.Build.0 = Debug|Win32
		{08001A23-466D-46B8-8A8E-5651D0215C20}.Release|x64.ActiveCfg = Release|x64
		{08001A23-466D-46B8-8A8E-5651D0215C20}.Release|x64.Build.0 = Release|x64
		{08001A23-466D-46B8-8A8E-5651D0215C20}.Release|x86.ActiveCfg = Release|Win32
		{08001A23-466D-46B8-8A8E-5651D0215C20}.Release|x86.Build.0 = Release|Win32
		{C8B01A92-42A2-4ABB-B21A-2135B76F1402}.Debug|x64.ActiveCfg = Debug|x64
		{C8B01A92-42A2-4ABB-B21A-2135B76F1402}.Debug|x64.Build.0 = Debug|x64
		{C8B01A92-42A2-4ABB-B21A-2135B76F1402}.Debug|x86.ActiveCfg = Debug|Win32
		{C8B01A92-42A2-4ABB-B21A-2135B76F1402}.Debug|x86.Build.0 = Debug|Win32
		{C8B01A92-42A2-4ABB-B21A-2135B76F1402}.Release|x64.ActiveCfg = Release|x64
		{C8B01A92-42A2-4ABB-B21A-2135B76F1402}.Release|x64.Build.0 = Release|x64
		{C8B01A92-42A2-4ABB-B21A-2135B76F1402}.Release|x86.ActiveCfg = Release|Win32
		{C8B01A92-42A2-4ABB-B21A-2135B76F1402}.Release|x86.Build.0 = Release|Win32
		{8540BEA9-2D3A-4DDD-9443-D0DFDE997960}.Debug|x64.ActiveCfg = Debug|x64
		{8540BEA9-2D3A-4DDD-9443-D0DFDE997960}.Debug|x64.Build.0 = Debug|x64
		{8540BEA9-2D3A-4DDD-9443-D0DFDE997960}.Debug|x86.ActiveCfg = Debug|Win32
		{8540BEA9-2D3A-4DDD-9443-D0DFDE997960}.Debug|x86.Build.0 = Debug|Win32
		{8540BEA9-2D3A-4DDD-9443-D0DFDE997960}.Release|x64.ActiveCfg = Release|x64
		{8540BEA9-2D3A-4DDD-9443-D0DFDE997960}.Release|x64.Build.0 = Release|x64
		{8540BEA9-2D3A-4DDD-9443-D0DFDE997960}.Release|x86.ActiveCfg = Release|Win32
		{8540BEA9-2D3A-4DDD-9443-D0DFDE997960}.Release|x86.Build.0 = Release|Win32
		{875A9DA0-919D-4E82-A4FE-72B4B79DEF03}.Debug|x64.ActiveCfg = Debug|x64
		{875A9DA0-919D-4E82-A4FE-72B4B79DEF03}.Debug|x64.Build.0 = Debug|x64
		{875A9DA0-919D-4E82-A4FE-72B4B79DEF03}.Debug|x86.ActiveCfg = Debug|Win32
		{875A9DA0-919D-4E82-A4FE-72B4B79DEF03}.Debug|x86.Build.0 = Debug|Win32
		{875A9DA0-919D-4E82-A4FE-72B4B79DEF03}.Release|x64.ActiveCfg = Release|x64
		{875A9DA0-919D-4E82-A4FE-72B4B79DEF03}.Release|x64.Build.0 = Release|x64
		{875A9DA0-919D-4E82-A4FE-72B4B79DEF03}.Release|x86.ActiveCfg = Release|Win32
		{875A9DA0-919D-4E82-A4FE-72B4B79DEF03}.Release|x86.Build.0 = Release|Win32
		{4DC3A303-D39A-4EA0-9C6D-C5A342E2DA76}.Debug|x64.ActiveCfg = Debug|x64
		{4DC3A303-D39A-4EA0-9C6D-C5A342E2DA76}.Debug|x64.Build.0 = Debug|x64
		{4DC3A303-D39A-4EA0-9C6D-C5A342E2DA76}.Debug|x86.ActiveCfg = Debug|Win32
		{4DC3A303-D39A-4EA0-9C6D-C5A342E2DA76}.Debug|x86.Build.0 = Debug|Win32
		{4DC3A303-D39A-4EA0-9C6D-C5A342E2DA76}.Release|x64.ActiveCfg = Release|x64
		{4DC3A303-D39A-4EA0-9C6D-C5A342E2DA76}.Release|x64.Build.0 = Release|x64
		{4DC3A303-D39A-4EA0-9C6D-C5A342E2DA76}.Release|x86.ActiveCfg = Release|Win32
		{4DC3A303-D39A-4EA0-9C6D-C5A342E2DA76}.Release|x86.Build.0 = Release|Win32
		{D61CA130-31A4-48B9-AD1D-D3EAD62E48CF}.Debug|x64.ActiveCfg = Debug|x64
		{D61CA130-31A4-48B9-AD1D-D3EAD62E48CF}.Debug|x64.Build.0 = Debug|x64
		{D61CA130-31A4-48B9-AD1D-D3EAD62E48CF}.Debug|x86.ActiveCfg = Debug|Win32
		{D61CA130-31A4-48B9-AD1D-D3EAD62E48CF}.Debug|x86.Build.0 = Debug|Win32
		{D61CA130-31A4-48B9-AD1D-D3EAD62E48CF}.Release|x64.ActiveCfg = Release|x64
		{D61CA130-31A4-48B9-AD1D-D3EAD62E48CF}.Release|x64.Build.0 = Release|x64
		{D61CA130-31A4-48B9-AD1D-D3EAD62E48CF}.Release|x86.ActiveCfg = Release|Win32
		{D61CA130-31A4-48B9-AD1D-D3EAD62E48CF}.Release|x86.Build.0 = Release|Win32
		{0382D8DC-F966-4E8D-ACD2-9AC4E4016200}.Debug|x64.ActiveCfg = Debug|x64
		{0382D8DC-F966-4E8D-ACD2-9AC4E4016200}.Debug|x64.Build.0 = Debug|x64
		{0382D8DC-F966-4E8D-ACD2-9AC4E4016200}.Debug|x86.ActiveCfg = Debug|Win32
		{0382D8DC-F966-4E8D-ACD2-9AC4E4016200}.Debug|x86.Build.0 = Debug|Win32
		{0382D8DC-F966-4E8D-ACD2-9AC4E4016200}.Release|x64.ActiveCfg = Release|x64
		{0382D8DC-F966-4E8D-ACD2-9AC4E4016200}.Release|x64.Build.0 = Release|x64
		{0382D8DC-F966-4E8D-ACD2-9AC4E4016200}.Release|x86.ActiveCfg = Release|Win32
		{0382D8DC-F966-4E8D-ACD2-9AC4E4016200}.Release|x86.Build.0 = Release|Win32
		{313DAB7C-1515-4C89-A314-C56E5A3A0350}.Debug|x64.ActiveCfg = Debug|x64
		{313DAB7C-1515-4C89-A314-C56E5A3A0350}.Debug|x64.Build.0 = Debug|x64
		{313DAB7C-1515-4C89-A314-C56E5A3A0350}.Debug|x86.ActiveCfg = Debug|Win32
		{313DAB7C-1515-4C89-A314-C56E5A3A0350}.Debug|x86.Build.0 = Debug|Win32
		{313DAB7C-1515-4C89-A314-C56E5A3A0350}.Release|x64.ActiveCfg = Release|x64
		{313DAB7C-1515-4C89-A314-C56E5A3A0350}.Release|x64.Build.0 = Release|x64
		{313DAB7C-1515-4C89-A314-C56E5A3A0350}.Release|x86.ActiveCfg = Release|Win32
		{313DAB7C-1515-4C89-A314-C56E5A3A0350}.Release|x86.Build.0 = Release|Win32
		{07BD879E-BD51-451C-84F5-540D8E7E307C}.Debug|x64.ActiveCfg = Debug|x64
		{07BD879E-BD51-451C-84F5-540D8E7E307C}.Debug|x64.Build.0 = Debug|x64
		{07BD879E-BD51-451C-84F5-540D8E7E307C}.Debug|x86.ActiveCfg = Debug|Win32
		{07BD879E-BD51-451C-84F5-540D8E7E307C}.Debug|x86.Build.0 = Debug|Win32
		{07BD879E-BD51-451C-84F5-540D8E7E307C}.Release|x64.ActiveCfg = Release|x64
		{07BD879E-BD51-451C-84F5-540D8E7E307C}.Release|x64.Build.0 = Release|x64
		{07BD879E-BD51-451C-84F5-540D8E7E307C}.Release|x86.ActiveCfg = Release|Win32
		{07BD879E-BD51-451C-84F5-540D8E7E307C}.Release|x86.Build.0 = Release|Win32
		{E4208AB5-2973-40D8-B571-F7F6516AD560}.Debug|x64.ActiveCfg = Debug|x64
		{E4208AB5-2973-40D8-B571-F7F6516AD560}.Debug|x64.Build.0 = Debug|x64
		{E4208AB5-2973-40D8-B571-F7F6516AD560}.Debug|x86.ActiveCfg = Debug|Win32
		{E4208AB5-2973-40D8-B571-F7F6516AD560}.Debug|x86.Build.0 = Debug|Win32
		{E4208AB5-2973-40D8-B571-F7F6516AD560}.Release|x64.ActiveCfg = Release|x64
		{E4208AB5-2973-40D8-B571-F7F6516AD560}.Release|x64.Build.0 = Release|x64
		{E4208AB5-2973-40D8-B571-F7F6516AD560}.Release|x86.ActiveCfg = Release|Win32
		{E4208AB5-2973-40D8-B571-F7F6516AD560}.Release|x86.Build.0 = Release|Win32
		{1A63B0E8-2EE7-4C6C-ADAE-9CC8C0F6DCA2}.Debug|x64.ActiveCfg = Debug|x64
		{1A63B0E8-2EE7-4C6C-ADAE-9CC8C0F6DCA2}.Debug|x64.Build.0 = Debug|x64
		{1A63B0E8-2EE7-4C6C-ADAE-9CC8C0F6DCA2}.Debug|x86.ActiveCfg = Debug|Win32
		{1A63B0E8-2EE7-4C6C-ADAE-9CC8C0F6DCA2}.Debug|x86.Build.0 = Debug|Win32
		{1A63B0E8-2EE7-4C6C-ADAE-9CC8C0F6DCA2}.Release|x64.ActiveCfg = Release|x64
		{1A63B0E8-2EE7-4C6C-ADAE-9CC8C0F6DCA2}.Release|x64.Build.0 = Release|x64
		{1A63B0E8-2EE7-4C6C-ADAE-9CC8C0F6DCA2}.Release|x86.ActiveCfg = Release|Win32
		{1A63B0E8-2EE7-4C6C-ADAE-9CC8C0F6DCA2}.Release|x86.Build.0 = Release|Win32
		{2EA2693C-74CF-40DC-BAD2-EBE415C1CE6F}.Debug|x64.ActiveCfg = Debug|x64
		{2EA2693C-74CF-40DC-BAD2-EBE415C1CE6F}.Debug|x64.Build.0 = Debug|x64
		{2EA2693C-74CF-40DC-BAD2-EBE415C1CE6F}.Debug|x86.ActiveCfg = Debug|Win32
		{2EA2693C-74CF-40DC-BAD2-EBE415C1CE6F}.Debug|x86.Build.0 = Debug|Win32
		{2EA2693C-74CF-40DC-BAD2-EBE415C1CE6F}.Release|x64.ActiveCfg = Release|x64
		{2EA2693C-74CF-40DC-BAD2-EBE415C1CE6F}.Release|x64.Build.0 = Release|x64
		{2EA2693C-74CF-40DC-BAD2-EBE415C1CE6F}.Release|x86.ActiveCfg = Release|Win32
		{2EA2693C-74CF-40DC-BAD2-EBE415C1CE6F}.Release|x86.Build.0 = Release|Win32
		{0694D230-90D4-4E19-B735-5E7B0C2F6F47}.Debug|x64.ActiveCfg = Debug|x64
		{0694D230-90D4-4E19-B735-5E7B0C2F6F47}.Debug|x64.Build.0 = Debug|x64
		{0694D230-90D4-4E19-B735-5E7B0C2F6F47}.Debug|x86.ActiveCfg = Debug|Win32
		{0694D230-90D4-4E19-B735-5E7B0C2F6F47}.Debug|x86.Build.0 = Debug|Win32
		{0694D230-90D4-4E19-B735-5E7B0C2F6F47}.Release|x64.ActiveCfg = Release|x64
		{0694D230-90D4-4E19-B735-5E7B0C2F6F47}.Release|x64.Build.0 = Release|x64
		{0694D230-90D4-4E19-B735-5E7B0C2F6F47}.Release|x86.ActiveCfg = Release|Win32
		{0694D230-90D4-4E19-B735-5E7B0C2F6F47}.Release|x86.Build.0 = Release|Win32
		{06EAFA21-05AD-4011-AE96-FB484E194A75}.Debug|x64.ActiveCfg = Debug|x64
		{06EAFA21-05AD-4011-AE96-FB484E194A75}.Debug|x64.Build.0 = Debug|x64
		{06EAFA21-05AD-4011-AE96-FB484E194A75}.Debug|x86.ActiveCfg = Debug|Win32
		{06EAFA21-05AD-4011-AE96-FB484E194A75}.Debug|x86.Build.0 = Debug|Win32
		{06EAFA21-05AD-4011-AE96-FB484E194A75}.Release|x64.ActiveCfg = Release|x64
		{06EAFA21-05AD-4011-AE96-FB484E194A75}.Release|x64.Build.0 = Release|x64
		{06EAFA21-05AD-4011-AE96-FB484E194A75}.Release|x86.ActiveCfg = Release|Win32
		{06EAFA21-05AD-4011-AE96-FB484E194A75}.Release|x86.Build.0 = Release|Win32
		{051286E0-F4AC-4B5A-A021-BF16A02A7775}.Debug|x64.ActiveCfg = Debug|x64
		{051286E0-F4AC-4B5A-A021-BF16A02A7775}.Debug|x64.Build.0 = Debug|x64
		{051286E0-F4AC-4B5A-A021-BF16A02A7775}.Debug|x86.ActiveCfg = Debug|Win32
		{051286E0-F4AC-4B5A-A021-BF16A02A7775}.Debug|x86.Build.0 = Debug|Win32
		{051286E0-F4AC-4B5A-A021-BF16A02A7775}.Release|x64.ActiveCfg = Release|x64
		{051286E0-F4AC-4B5A-A021-BF16A02A7775}.Release|x64.Build.0 = Release|x64
		{051286E0-F4AC-4B5A-A021-BF16A02A7775}.Release|x86.ActiveCfg = Release|Win32
		{051286E0-F4AC-4B5A-A021-BF16A02A7775}.Release|x86.Build.0 = Release|Win32
		{206B8945-FEEE-4254-9A0D-B5A6191047DF}.Debug|x64.ActiveCfg = Debug|x64
		{206B8945-FEEE-4254-9A0D-B5A6191047DF}.Debug|x64.Build.0 = Debug|x64
		{206B8945-FEEE-4254-9A0D-B5A6191047DF}.Debug|x86.ActiveCfg = Debug|Win32
		{206B8945-FEEE-4254-9A0D-B5A6191047DF}.Debug|x86.Build.0 = Debug|Win32
		{206B8945-FEEE-4254-9A0D-B5A6191047DF}.Release|x64.ActiveCfg = Release|x64
		{206B8945-FEEE-4254-9A0D-B5A6191047DF}.Release|x64.Build.0 = Release|x64
		{206B8945-FEEE-4254-9A0D-B5A6191047DF}.Release|x86.ActiveCfg = Release|Win32
		{206B8945-FEEE-4254-9A0D-B5A6191047DF}.Release|x86.Build.0 = Release|Win32
	EndGlobalSection
	GlobalSection(SolutionProperties) = preSolution
		HideSolutionNode = FALSE
	EndGlobalSection
	GlobalSection(NestedProjects) = preSolution
		{08001A23-466D-46B8-8A8E-5651D0215C20} = {6041E08C-B52A-4CCF-B73D-C07F30E8C13D}
		{C8B01A92-42A2-4ABB-B21A-2135B76F1402} = {5A588643-1FC9-4BCC-8CC4-F73579EBD11C}
		{8540BEA9-2D3A-4DDD-9443-D0DFDE997960} = {5A588643-1FC9-4BCC-8CC4-F73579EBD11C}
		{875A9DA0-919D-4E82-A4FE-72B4B79DEF03} = {B04F9B72-6DA0-4CFE-94B9-FDA467D9EC8A}
		{4DC3A303-D39A-4EA0-9C6D-C5A342E2DA76} = {B04F9B72-6DA0-4CFE-94B9-FDA467D9EC8A}
		{D61CA130-31A4-48B9-AD1D-D3EAD62E48CF} = {E2BDA3B0-DD43-4275-9DFE-93B476075787}
		{0382D8DC-F966-4E8D-ACD2-9AC4E4016200} = {E2BDA3B0-DD43-4275-9DFE-93B476075787}
		{313DAB7C-1515-4C89-A314-C56E5A3A0350} = {9E5F6C1E-52F3-44C1-9411-F0206590DECB}
		{07BD879E-BD51-451C-84F5-540D8E7E307C} = {9E5F6C1E-52F3-44C1-9411-F0206590DECB}
		{E4208AB5-2973-40D8-B571-F7F6516AD560} = {AC2CFD9F-83C6-4E8A-B21A-9D14773348F1}
		{1A63B0E8-2EE7-4C6C-ADAE-9CC8C0F6DCA2} = {AC2CFD9F-83C6-4E8A-B21A-9D14773348F1}
		{2EA2693C-74CF-40DC-BAD2-EBE415C1CE6F} = {AC2CFD9F-83C6-4E8A-B21A-9D14773348F1}
		{0694D230-90D4-4E19-B735-5E7B0C2F6F47} = {7A39A1A8-A004-4973-9E00-F3D8F46F4549}
		{06EAFA21-05AD-4011-AE96-FB484E194A75} = {1C29FFBA-B74D-4902-A09B-B7DC450F1E0F}
		{051286E0-F4AC-4B5A-A021-BF16A02A7775} = {1C29FFBA-B74D-4902-A09B-B7DC450F1E0F}
		{206B8945-FEEE-4254-9A0D-B5A6191047DF} = {C6A0B9D0-1897-49F9-AB12-AD0975C418B4}
	EndGlobalSection
	GlobalSection(ExtensibilityGlobals) = postSolution
		SolutionGuid = {37778B20-F3A9-4C81-B3DB-77905B03F00B}
	EndGlobalSection
EndGlobal
